
Microsoft Visual Studio Solution File, Format Version 12.00
# Visual Studio Version 17
VisualStudioVersion = 17.14.36202.13 d17.14
MinimumVisualStudioVersion = 10.0.40219.1
Project("{FAE04EC0-301F-11D3-BF4B-00C04F79EFBC}") = "Restoraunt", "..\Restoraunt\Restoraunt.csproj", "{84B9F657-F41E-4FEF-8E65-648FE29656EE}"
EndProject
Global
	GlobalSection(SolutionConfigurationPlatforms) = preSolution
		Debug|Any CPU = Debug|Any CPU
		Release|Any CPU = Release|Any CPU
	EndGlobalSection
	GlobalSection(ProjectConfigurationPlatforms) = postSolution
		{84B9F657-F41E-4FEF-8E65-648FE29656EE}.Debug|Any CPU.ActiveCfg = Debug|Any CPU
		{84B9F657-F41E-4FEF-8E65-648FE29656EE}.Debug|Any CPU.Build.0 = Debug|Any CPU
		{84B9F657-F41E-4FEF-8E65-648FE29656EE}.Release|Any CPU.ActiveCfg = Release|Any CPU
		{84B9F657-F41E-4FEF-8E65-648FE29656EE}.Release|Any CPU.Build.0 = Release|Any CPU
	EndGlobalSection
	GlobalSection(SolutionProperties) = preSolution
		HideSolutionNode = FALSE
	EndGlobalSection
	GlobalSection(ExtensibilityGlobals) = postSolution
		SolutionGuid = {1A4F2913-CD90-49EA-9BED-EEA73ECE4475}
	EndGlobalSection
EndGlobal
